
Microsoft Visual Studio Solution File, Format Version 12.00
# Visual Studio Version 16
VisualStudioVersion = 16.0.31613.86
MinimumVisualStudioVersion = 10.0.40219.1
Project("{FAE04EC0-301F-11D3-BF4B-00C04F79EFBC}") = "MovieTicketBooking", "MovieTicketBooking.csproj", "{ED588251-641B-4D08-97F3-DF78B120C0CE}"
EndProject
Global
	GlobalSection(SolutionConfigurationPlatforms) = preSolution
		Debug|Any CPU = Debug|Any CPU
		Release|Any CPU = Release|Any CPU
	EndGlobalSection
	GlobalSection(ProjectConfigurationPlatforms) = postSolution
		{ED588251-641B-4D08-97F3-DF78B120C0CE}.Debug|Any CPU.ActiveCfg = Debug|Any CPU
		{ED588251-641B-4D08-97F3-DF78B120C0CE}.Debug|Any CPU.Build.0 = Debug|Any CPU
		{ED588251-641B-4D08-97F3-DF78B120C0CE}.Release|Any CPU.ActiveCfg = Release|Any CPU
		{ED588251-641B-4D08-97F3-DF78B120C0CE}.Release|Any CPU.Build.0 = Release|Any CPU
	EndGlobalSection
	GlobalSection(SolutionProperties) = preSolution
		HideSolutionNode = FALSE
	EndGlobalSection
	GlobalSection(ExtensibilityGlobals) = postSolution
		SolutionGuid = {AE37E8F5-0941-4698-943C-F9CF23BC3A4B}
	EndGlobalSection
EndGlobal
